
Microsoft Visual Studio Solution File, Format Version 12.00
# Visual Studio Version 17
VisualStudioVersion = 17.0.31903.59
MinimumVisualStudioVersion = 10.0.40219.1
Project("{9A19103F-16F7-4668-BE54-9A1E7A4F7556}") = "FashionShopAPI", "FashionShopAPI\FashionShopAPI.csproj", "{E8415A80-5038-4978-A8D8-3B2CFB8FC11E}"
	ProjectSection(ProjectDependencies) = postProject
		{B6C6041D-0F86-4CE8-8B20-D8ABAFB6EC87} = {B6C6041D-0F86-4CE8-8B20-D8ABAFB6EC87}
		{757E5845-19DA-470E-9E2C-F0B405AA05F9} = {757E5845-19DA-470E-9E2C-F0B405AA05F9}
		{A142FF6D-67F8-4F9C-9BD6-4239EA579CFC} = {A142FF6D-67F8-4F9C-9BD6-4239EA579CFC}
		{7481409F-3FA3-43AA-AA29-93483D5BB153} = {7481409F-3FA3-43AA-AA29-93483D5BB153}
		{87E72BC7-F04F-458A-A214-C04403D42328} = {87E72BC7-F04F-458A-A214-C04403D42328}
	EndProjectSection
EndProject
Project("{2150E333-8FDC-42A3-9474-1A3956D46DE8}") = "BL", "BL", "{B7041191-72A8-4D61-9AB4-F89410E4A75F}"
EndProject
Project("{2150E333-8FDC-42A3-9474-1A3956D46DE8}") = "Data", "Data", "{0A59AB41-9457-436E-A876-01C9AA68BE8A}"
EndProject
Project("{FAE04EC0-301F-11D3-BF4B-00C04F79EFBC}") = "DTOs", "DTO\DTOs.csproj", "{A142FF6D-67F8-4F9C-9BD6-4239EA579CFC}"
EndProject
Project("{FAE04EC0-301F-11D3-BF4B-00C04F79EFBC}") = "Context", "Context\Context.csproj", "{757E5845-19DA-470E-9E2C-F0B405AA05F9}"
	ProjectSection(ProjectDependencies) = postProject
		{B6C6041D-0F86-4CE8-8B20-D8ABAFB6EC87} = {B6C6041D-0F86-4CE8-8B20-D8ABAFB6EC87}
		{87E72BC7-F04F-458A-A214-C04403D42328} = {87E72BC7-F04F-458A-A214-C04403D42328}
	EndProjectSection
EndProject
Project("{FAE04EC0-301F-11D3-BF4B-00C04F79EFBC}") = "Domain", "Domain\Domain.csproj", "{B6C6041D-0F86-4CE8-8B20-D8ABAFB6EC87}"
EndProject
Project("{FAE04EC0-301F-11D3-BF4B-00C04F79EFBC}") = "Entities", "Entities\Entities.csproj", "{87E72BC7-F04F-458A-A214-C04403D42328}"
	ProjectSection(ProjectDependencies) = postProject
		{B6C6041D-0F86-4CE8-8B20-D8ABAFB6EC87} = {B6C6041D-0F86-4CE8-8B20-D8ABAFB6EC87}
	EndProjectSection
EndProject
Project("{FAE04EC0-301F-11D3-BF4B-00C04F79EFBC}") = "Repositories", "Repositories\Repositories.csproj", "{7481409F-3FA3-43AA-AA29-93483D5BB153}"
	ProjectSection(ProjectDependencies) = postProject
		{B6C6041D-0F86-4CE8-8B20-D8ABAFB6EC87} = {B6C6041D-0F86-4CE8-8B20-D8ABAFB6EC87}
		{757E5845-19DA-470E-9E2C-F0B405AA05F9} = {757E5845-19DA-470E-9E2C-F0B405AA05F9}
		{87E72BC7-F04F-458A-A214-C04403D42328} = {87E72BC7-F04F-458A-A214-C04403D42328}
	EndProjectSection
EndProject
Global
	GlobalSection(SolutionConfigurationPlatforms) = preSolution
		Debug|Any CPU = Debug|Any CPU
		Release|Any CPU = Release|Any CPU
	EndGlobalSection
	GlobalSection(ProjectConfigurationPlatforms) = postSolution
		{E8415A80-5038-4978-A8D8-3B2CFB8FC11E}.Debug|Any CPU.ActiveCfg = Debug|Any CPU
		{E8415A80-5038-4978-A8D8-3B2CFB8FC11E}.Debug|Any CPU.Build.0 = Debug|Any CPU
		{E8415A80-5038-4978-A8D8-3B2CFB8FC11E}.Release|Any CPU.ActiveCfg = Release|Any CPU
		{E8415A80-5038-4978-A8D8-3B2CFB8FC11E}.Release|Any CPU.Build.0 = Release|Any CPU
		{A142FF6D-67F8-4F9C-9BD6-4239EA579CFC}.Debug|Any CPU.ActiveCfg = Debug|Any CPU
		{A142FF6D-67F8-4F9C-9BD6-4239EA579CFC}.Debug|Any CPU.Build.0 = Debug|Any CPU
		{A142FF6D-67F8-4F9C-9BD6-4239EA579CFC}.Release|Any CPU.ActiveCfg = Release|Any CPU
		{A142FF6D-67F8-4F9C-9BD6-4239EA579CFC}.Release|Any CPU.Build.0 = Release|Any CPU
		{757E5845-19DA-470E-9E2C-F0B405AA05F9}.Debug|Any CPU.ActiveCfg = Debug|Any CPU
		{757E5845-19DA-470E-9E2C-F0B405AA05F9}.Debug|Any CPU.Build.0 = Debug|Any CPU
		{757E5845-19DA-470E-9E2C-F0B405AA05F9}.Release|Any CPU.ActiveCfg = Release|Any CPU
		{757E5845-19DA-470E-9E2C-F0B405AA05F9}.Release|Any CPU.Build.0 = Release|Any CPU
		{B6C6041D-0F86-4CE8-8B20-D8ABAFB6EC87}.Debug|Any CPU.ActiveCfg = Debug|Any CPU
		{B6C6041D-0F86-4CE8-8B20-D8ABAFB6EC87}.Debug|Any CPU.Build.0 = Debug|Any CPU
		{B6C6041D-0F86-4CE8-8B20-D8ABAFB6EC87}.Release|Any CPU.ActiveCfg = Release|Any CPU
		{B6C6041D-0F86-4CE8-8B20-D8ABAFB6EC87}.Release|Any CPU.Build.0 = Release|Any CPU
		{87E72BC7-F04F-458A-A214-C04403D42328}.Debug|Any CPU.ActiveCfg = Debug|Any CPU
		{87E72BC7-F04F-458A-A214-C04403D42328}.Debug|Any CPU.Build.0 = Debug|Any CPU
		{87E72BC7-F04F-458A-A214-C04403D42328}.Release|Any CPU.ActiveCfg = Release|Any CPU
		{87E72BC7-F04F-458A-A214-C04403D42328}.Release|Any CPU.Build.0 = Release|Any CPU
		{7481409F-3FA3-43AA-AA29-93483D5BB153}.Debug|Any CPU.ActiveCfg = Debug|Any CPU
		{7481409F-3FA3-43AA-AA29-93483D5BB153}.Debug|Any CPU.Build.0 = Debug|Any CPU
		{7481409F-3FA3-43AA-AA29-93483D5BB153}.Release|Any CPU.ActiveCfg = Release|Any CPU
		{7481409F-3FA3-43AA-AA29-93483D5BB153}.Release|Any CPU.Build.0 = Release|Any CPU
	EndGlobalSection
	GlobalSection(SolutionProperties) = preSolution
		HideSolutionNode = FALSE
	EndGlobalSection
	GlobalSection(NestedProjects) = preSolution
		{A142FF6D-67F8-4F9C-9BD6-4239EA579CFC} = {B7041191-72A8-4D61-9AB4-F89410E4A75F}
		{757E5845-19DA-470E-9E2C-F0B405AA05F9} = {0A59AB41-9457-436E-A876-01C9AA68BE8A}
		{B6C6041D-0F86-4CE8-8B20-D8ABAFB6EC87} = {0A59AB41-9457-436E-A876-01C9AA68BE8A}
		{87E72BC7-F04F-458A-A214-C04403D42328} = {0A59AB41-9457-436E-A876-01C9AA68BE8A}
		{7481409F-3FA3-43AA-AA29-93483D5BB153} = {0A59AB41-9457-436E-A876-01C9AA68BE8A}
	EndGlobalSection
	GlobalSection(ExtensibilityGlobals) = postSolution
		SolutionGuid = {BB23E839-D011-4093-AAB1-29F182DE400D}
	EndGlobalSection
EndGlobal
